// !$*UTF8*$!
{
	archiveVersion = 1;
	classes = {
	};
	objectVersion = 46;
	objects = {

/* Begin PBXBuildFile section */
		26B39ACF1B2C04B10038E061 /* AppDelegate.swift in Sources */ = {isa = PBXBuildFile; fileRef = 26B39ACE1B2C04B10038E061 /* AppDelegate.swift */; };
		26B39AD21B2C04B10038E061 /* BudgetNote.xcdatamodeld in Sources */ = {isa = PBXBuildFile; fileRef = 26B39AD01B2C04B10038E061 /* BudgetNote.xcdatamodeld */; };
		26B39AD41B2C04B10038E061 /* MasterViewController.swift in Sources */ = {isa = PBXBuildFile; fileRef = 26B39AD31B2C04B10038E061 /* MasterViewController.swift */; };
		26B39AD61B2C04B10038E061 /* DetailViewController.swift in Sources */ = {isa = PBXBuildFile; fileRef = 26B39AD51B2C04B10038E061 /* DetailViewController.swift */; };
		26B39AD91B2C04B10038E061 /* Main.storyboard in Resources */ = {isa = PBXBuildFile; fileRef = 26B39AD71B2C04B10038E061 /* Main.storyboard */; };
		26B39ADB1B2C04B10038E061 /* Assets.xcassets in Resources */ = {isa = PBXBuildFile; fileRef = 26B39ADA1B2C04B10038E061 /* Assets.xcassets */; };
		26B39ADE1B2C04B10038E061 /* LaunchScreen.storyboard in Resources */ = {isa = PBXBuildFile; fileRef = 26B39ADC1B2C04B10038E061 /* LaunchScreen.storyboard */; };
		26B39AE91B2C04B10038E061 /* BudgetNoteTests.swift in Sources */ = {isa = PBXBuildFile; fileRef = 26B39AE81B2C04B10038E061 /* BudgetNoteTests.swift */; };
		26B39AF41B2C04B10038E061 /* BudgetNoteUITests.swift in Sources */ = {isa = PBXBuildFile; fileRef = 26B39AF31B2C04B10038E061 /* BudgetNoteUITests.swift */; };
		26B39B021B2C07630038E061 /* Item.swift in Sources */ = {isa = PBXBuildFile; fileRef = 26B39B011B2C07630038E061 /* Item.swift */; };
		26B39B041B2C07BF0038E061 /* ItemTests.swift in Sources */ = {isa = PBXBuildFile; fileRef = 26B39B031B2C07BF0038E061 /* ItemTests.swift */; };
/* End PBXBuildFile section */

/* Begin PBXContainerItemProxy section */
		26B39AE51B2C04B10038E061 /* PBXContainerItemProxy */ = {
			isa = PBXContainerItemProxy;
			containerPortal = 26B39AC31B2C04B10038E061 /* Project object */;
			proxyType = 1;
			remoteGlobalIDString = 26B39ACA1B2C04B10038E061;
			remoteInfo = BudgetNote;
		};
		26B39AF01B2C04B10038E061 /* PBXContainerItemProxy */ = {
			isa = PBXContainerItemProxy;
			containerPortal = 26B39AC31B2C04B10038E061 /* Project object */;
			proxyType = 1;
			remoteGlobalIDString = 26B39ACA1B2C04B10038E061;
			remoteInfo = BudgetNote;
		};
/* End PBXContainerItemProxy section */

/* Begin PBXFileReference section */
		26B39ACB1B2C04B10038E061 /* BudgetNote.app */ = {isa = PBXFileReference; explicitFileType = wrapper.application; includeInIndex = 0; path = BudgetNote.app; sourceTree = BUILT_PRODUCTS_DIR; };
		26B39ACE1B2C04B10038E061 /* AppDelegate.swift */ = {isa = PBXFileReference; lastKnownFileType = sourcecode.swift; path = AppDelegate.swift; sourceTree = "<group>"; };
		26B39AD11B2C04B10038E061 /* BudgetNote.xcdatamodel */ = {isa = PBXFileReference; lastKnownFileType = wrapper.xcdatamodel; path = BudgetNote.xcdatamodel; sourceTree = "<group>"; };
		26B39AD31B2C04B10038E061 /* MasterViewController.swift */ = {isa = PBXFileReference; lastKnownFileType = sourcecode.swift; path = MasterViewController.swift; sourceTree = "<group>"; };
		26B39AD51B2C04B10038E061 /* DetailViewController.swift */ = {isa = PBXFileReference; lastKnownFileType = sourcecode.swift; path = DetailViewController.swift; sourceTree = "<group>"; };
		26B39AD81B2C04B10038E061 /* Base */ = {isa = PBXFileReference; lastKnownFileType = file.storyboard; name = Base; path = Base.lproj/Main.storyboard; sourceTree = "<group>"; };
		26B39ADA1B2C04B10038E061 /* Assets.xcassets */ = {isa = PBXFileReference; lastKnownFileType = folder.assetcatalog; path = Assets.xcassets; sourceTree = "<group>"; };
		26B39ADD1B2C04B10038E061 /* Base */ = {isa = PBXFileReference; lastKnownFileType = file.storyboard; name = Base; path = Base.lproj/LaunchScreen.storyboard; sourceTree = "<group>"; };
		26B39ADF1B2C04B10038E061 /* Info.plist */ = {isa = PBXFileReference; lastKnownFileType = text.plist.xml; path = Info.plist; sourceTree = "<group>"; };
		26B39AE41B2C04B10038E061 /* BudgetNoteTests.xctest */ = {isa = PBXFileReference; explicitFileType = wrapper.cfbundle; includeInIndex = 0; path = BudgetNoteTests.xctest; sourceTree = BUILT_PRODUCTS_DIR; };
		26B39AE81B2C04B10038E061 /* BudgetNoteTests.swift */ = {isa = PBXFileReference; lastKnownFileType = sourcecode.swift; path = BudgetNoteTests.swift; sourceTree = "<group>"; };
		26B39AEA1B2C04B10038E061 /* Info.plist */ = {isa = PBXFileReference; lastKnownFileType = text.plist.xml; path = Info.plist; sourceTree = "<group>"; };
		26B39AEF1B2C04B10038E061 /* BudgetNoteUITests.xctest */ = {isa = PBXFileReference; explicitFileType = wrapper.cfbundle; includeInIndex = 0; path = BudgetNoteUITests.xctest; sourceTree = BUILT_PRODUCTS_DIR; };
		26B39AF31B2C04B10038E061 /* BudgetNoteUITests.swift */ = {isa = PBXFileReference; lastKnownFileType = sourcecode.swift; path = BudgetNoteUITests.swift; sourceTree = "<group>"; };
		26B39AF51B2C04B10038E061 /* Info.plist */ = {isa = PBXFileReference; lastKnownFileType = text.plist.xml; path = Info.plist; sourceTree = "<group>"; };
		26B39B011B2C07630038E061 /* Item.swift */ = {isa = PBXFileReference; fileEncoding = 4; lastKnownFileType = sourcecode.swift; path = Item.swift; sourceTree = "<group>"; };
		26B39B031B2C07BF0038E061 /* ItemTests.swift */ = {isa = PBXFileReference; fileEncoding = 4; lastKnownFileType = sourcecode.swift; path = ItemTests.swift; sourceTree = "<group>"; };
/* End PBXFileReference section */

/* Begin PBXFrameworksBuildPhase section */
		26B39AC81B2C04B10038E061 /* Frameworks */ = {
			isa = PBXFrameworksBuildPhase;
			buildActionMask = 2147483647;
			files = (
			);
			runOnlyForDeploymentPostprocessing = 0;
		};
		26B39AE11B2C04B10038E061 /* Frameworks */ = {
			isa = PBXFrameworksBuildPhase;
			buildActionMask = 2147483647;
			files = (
			);
			runOnlyForDeploymentPostprocessing = 0;
		};
		26B39AEC1B2C04B10038E061 /* Frameworks */ = {
			isa = PBXFrameworksBuildPhase;
			buildActionMask = 2147483647;
			files = (
			);
			runOnlyForDeploymentPostprocessing = 0;
		};
/* End PBXFrameworksBuildPhase section */

/* Begin PBXGroup section */
		26B39AC21B2C04B10038E061 = {
			isa = PBXGroup;
			children = (
				26B39ACD1B2C04B10038E061 /* BudgetNote */,
				26B39AE71B2C04B10038E061 /* BudgetNoteTests */,
				26B39AF21B2C04B10038E061 /* BudgetNoteUITests */,
				26B39ACC1B2C04B10038E061 /* Products */,
			);
			sourceTree = "<group>";
		};
		26B39ACC1B2C04B10038E061 /* Products */ = {
			isa = PBXGroup;
			children = (
				26B39ACB1B2C04B10038E061 /* BudgetNote.app */,
				26B39AE41B2C04B10038E061 /* BudgetNoteTests.xctest */,
				26B39AEF1B2C04B10038E061 /* BudgetNoteUITests.xctest */,
			);
			name = Products;
			sourceTree = "<group>";
		};
		26B39ACD1B2C04B10038E061 /* BudgetNote */ = {
			isa = PBXGroup;
			children = (
				26B39ACE1B2C04B10038E061 /* AppDelegate.swift */,
				26B39AD31B2C04B10038E061 /* MasterViewController.swift */,
				26B39AD51B2C04B10038E061 /* DetailViewController.swift */,
				26B39AD71B2C04B10038E061 /* Main.storyboard */,
				26B39ADA1B2C04B10038E061 /* Assets.xcassets */,
				26B39ADC1B2C04B10038E061 /* LaunchScreen.storyboard */,
				26B39ADF1B2C04B10038E061 /* Info.plist */,
				26B39AD01B2C04B10038E061 /* BudgetNote.xcdatamodeld */,
				26B39B011B2C07630038E061 /* Item.swift */,
			);
			path = BudgetNote;
			sourceTree = "<group>";
		};
		26B39AE71B2C04B10038E061 /* BudgetNoteTests */ = {
			isa = PBXGroup;
			children = (
				26B39AE81B2C04B10038E061 /* BudgetNoteTests.swift */,
				26B39AEA1B2C04B10038E061 /* Info.plist */,
				26B39B031B2C07BF0038E061 /* ItemTests.swift */,
			);
			path = BudgetNoteTests;
			sourceTree = "<group>";
		};
		26B39AF21B2C04B10038E061 /* BudgetNoteUITests */ = {
			isa = PBXGroup;
			children = (
				26B39AF31B2C04B10038E061 /* BudgetNoteUITests.swift */,
				26B39AF51B2C04B10038E061 /* Info.plist */,
			);
			path = BudgetNoteUITests;
			sourceTree = "<group>";
		};
/* End PBXGroup section */

/* Begin PBXNativeTarget section */
		26B39ACA1B2C04B10038E061 /* BudgetNote */ = {
			isa = PBXNativeTarget;
			buildConfigurationList = 26B39AF81B2C04B10038E061 /* Build configuration list for PBXNativeTarget "BudgetNote" */;
			buildPhases = (
				26B39AC71B2C04B10038E061 /* Sources */,
				26B39AC81B2C04B10038E061 /* Frameworks */,
				26B39AC91B2C04B10038E061 /* Resources */,
			);
			buildRules = (
			);
			dependencies = (
			);
			name = BudgetNote;
			productName = BudgetNote;
			productReference = 26B39ACB1B2C04B10038E061 /* BudgetNote.app */;
			productType = "com.apple.product-type.application";
		};
		26B39AE31B2C04B10038E061 /* BudgetNoteTests */ = {
			isa = PBXNativeTarget;
			buildConfigurationList = 26B39AFB1B2C04B10038E061 /* Build configuration list for PBXNativeTarget "BudgetNoteTests" */;
			buildPhases = (
				26B39AE01B2C04B10038E061 /* Sources */,
				26B39AE11B2C04B10038E061 /* Frameworks */,
				26B39AE21B2C04B10038E061 /* Resources */,
			);
			buildRules = (
			);
			dependencies = (
				26B39AE61B2C04B10038E061 /* PBXTargetDependency */,
			);
			name = BudgetNoteTests;
			productName = BudgetNoteTests;
			productReference = 26B39AE41B2C04B10038E061 /* BudgetNoteTests.xctest */;
			productType = "com.apple.product-type.bundle.unit-test";
		};
		26B39AEE1B2C04B10038E061 /* BudgetNoteUITests */ = {
			isa = PBXNativeTarget;
			buildConfigurationList = 26B39AFE1B2C04B10038E061 /* Build configuration list for PBXNativeTarget "BudgetNoteUITests" */;
			buildPhases = (
				26B39AEB1B2C04B10038E061 /* Sources */,
				26B39AEC1B2C04B10038E061 /* Frameworks */,
				26B39AED1B2C04B10038E061 /* Resources */,
			);
			buildRules = (
			);
			dependencies = (
				26B39AF11B2C04B10038E061 /* PBXTargetDependency */,
			);
			name = BudgetNoteUITests;
			productName = BudgetNoteUITests;
			productReference = 26B39AEF1B2C04B10038E061 /* BudgetNoteUITests.xctest */;
			productType = "com.apple.product-type.bundle.ui-testing";
		};
/* End PBXNativeTarget section */

/* Begin PBXProject section */
		26B39AC31B2C04B10038E061 /* Project object */ = {
			isa = PBXProject;
			attributes = {
				LastUpgradeCheck = 0700;
				ORGANIZATIONNAME = Shim;
				TargetAttributes = {
					26B39ACA1B2C04B10038E061 = {
						CreatedOnToolsVersion = 7.0;
					};
					26B39AE31B2C04B10038E061 = {
						CreatedOnToolsVersion = 7.0;
						TestTargetID = 26B39ACA1B2C04B10038E061;
					};
					26B39AEE1B2C04B10038E061 = {
						CreatedOnToolsVersion = 7.0;
						TestTargetID = 26B39ACA1B2C04B10038E061;
					};
				};
			};
			buildConfigurationList = 26B39AC61B2C04B10038E061 /* Build configuration list for PBXProject "BudgetNote" */;
			compatibilityVersion = "Xcode 3.2";
			developmentRegion = English;
			hasScannedForEncodings = 0;
			knownRegions = (
				en,
				Base,
			);
			mainGroup = 26B39AC21B2C04B10038E061;
			productRefGroup = 26B39ACC1B2C04B10038E061 /* Products */;
			projectDirPath = "";
			projectRoot = "";
			targets = (
				26B39ACA1B2C04B10038E061 /* BudgetNote */,
				26B39AE31B2C04B10038E061 /* BudgetNoteTests */,
				26B39AEE1B2C04B10038E061 /* BudgetNoteUITests */,
			);
		};
/* End PBXProject section */

/* Begin PBXResourcesBuildPhase section */
		26B39AC91B2C04B10038E061 /* Resources */ = {
			isa = PBXResourcesBuildPhase;
			buildActionMask = 2147483647;
			files = (
				26B39ADE1B2C04B10038E061 /* LaunchScreen.storyboard in Resources */,
				26B39ADB1B2C04B10038E061 /* Assets.xcassets in Resources */,
				26B39AD91B2C04B10038E061 /* Main.storyboard in Resources */,
			);
			runOnlyForDeploymentPostprocessing = 0;
		};
		26B39AE21B2C04B10038E061 /* Resources */ = {
			isa = PBXResourcesBuildPhase;
			buildActionMask = 2147483647;
			files = (
			);
			runOnlyForDeploymentPostprocessing = 0;
		};
		26B39AED1B2C04B10038E061 /* Resources */ = {
			isa = PBXResourcesBuildPhase;
			buildActionMask = 2147483647;
			files = (
			);
			runOnlyForDeploymentPostprocessing = 0;
		};
/* End PBXResourcesBuildPhase section */

/* Begin PBXSourcesBuildPhase section */
		26B39AC71B2C04B10038E061 /* Sources */ = {
			isa = PBXSourcesBuildPhase;
			buildActionMask = 2147483647;
			files = (
				26B39B021B2C07630038E061 /* Item.swift in Sources */,
				26B39AD21B2C04B10038E061 /* BudgetNote.xcdatamodeld in Sources */,
				26B39ACF1B2C04B10038E061 /* AppDelegate.swift in Sources */,
				26B39AD41B2C04B10038E061 /* MasterViewController.swift in Sources */,
				26B39AD61B2C04B10038E061 /* DetailViewController.swift in Sources */,
			);
			runOnlyForDeploymentPostprocessing = 0;
		};
		26B39AE01B2C04B10038E061 /* Sources */ = {
			isa = PBXSourcesBuildPhase;
			buildActionMask = 2147483647;
			files = (
				26B39B041B2C07BF0038E061 /* ItemTests.swift in Sources */,
				26B39AE91B2C04B10038E061 /* BudgetNoteTests.swift in Sources */,
			);
			runOnlyForDeploymentPostprocessing = 0;
		};
		26B39AEB1B2C04B10038E061 /* Sources */ = {
			isa = PBXSourcesBuildPhase;
			buildActionMask = 2147483647;
			files = (
				26B39AF41B2C04B10038E061 /* BudgetNoteUITests.swift in Sources */,
			);
			runOnlyForDeploymentPostprocessing = 0;
		};
/* End PBXSourcesBuildPhase section */

/* Begin PBXTargetDependency section */
		26B39AE61B2C04B10038E061 /* PBXTargetDependency */ = {
			isa = PBXTargetDependency;
			target = 26B39ACA1B2C04B10038E061 /* BudgetNote */;
			targetProxy = 26B39AE51B2C04B10038E061 /* PBXContainerItemProxy */;
		};
		26B39AF11B2C04B10038E061 /* PBXTargetDependency */ = {
			isa = PBXTargetDependency;
			target = 26B39ACA1B2C04B10038E061 /* BudgetNote */;
			targetProxy = 26B39AF01B2C04B10038E061 /* PBXContainerItemProxy */;
		};
/* End PBXTargetDependency section */

/* Begin PBXVariantGroup section */
		26B39AD71B2C04B10038E061 /* Main.storyboard */ = {
			isa = PBXVariantGroup;
			children = (
				26B39AD81B2C04B10038E061 /* Base */,
			);
			name = Main.storyboard;
			sourceTree = "<group>";
		};
		26B39ADC1B2C04B10038E061 /* LaunchScreen.storyboard */ = {
			isa = PBXVariantGroup;
			children = (
				26B39ADD1B2C04B10038E061 /* Base */,
			);
			name = LaunchScreen.storyboard;
			sourceTree = "<group>";
		};
/* End PBXVariantGroup section */

/* Begin XCBuildConfiguration section */
		26B39AF61B2C04B10038E061 /* Debug */ = {
			isa = XCBuildConfiguration;
			buildSettings = {
				ALWAYS_SEARCH_USER_PATHS = NO;
				CLANG_CXX_LANGUAGE_STANDARD = "gnu++0x";
				CLANG_CXX_LIBRARY = "libc++";
				CLANG_ENABLE_MODULES = YES;
				CLANG_ENABLE_OBJC_ARC = YES;
				CLANG_WARN_BOOL_CONVERSION = YES;
				CLANG_WARN_CONSTANT_CONVERSION = YES;
				CLANG_WARN_DIRECT_OBJC_ISA_USAGE = YES_ERROR;
				CLANG_WARN_EMPTY_BODY = YES;
				CLANG_WARN_ENUM_CONVERSION = YES;
				CLANG_WARN_INT_CONVERSION = YES;
				CLANG_WARN_OBJC_ROOT_CLASS = YES_ERROR;
				CLANG_WARN_UNREACHABLE_CODE = YES;
				CLANG_WARN__DUPLICATE_METHOD_MATCH = YES;
				"CODE_SIGN_IDENTITY[sdk=iphoneos*]" = "iPhone Developer";
				COPY_PHASE_STRIP = NO;
				DEBUG_INFORMATION_FORMAT = dwarf;
				ENABLE_STRICT_OBJC_MSGSEND = YES;
				ENABLE_TESTABILITY = YES;
				GCC_C_LANGUAGE_STANDARD = gnu99;
				GCC_DYNAMIC_NO_PIC = NO;
				GCC_NO_COMMON_BLOCKS = YES;
				GCC_OPTIMIZATION_LEVEL = 0;
				GCC_PREPROCESSOR_DEFINITIONS = (
					"DEBUG=1",
					"$(inherited)",
				);
				GCC_WARN_64_TO_32_BIT_CONVERSION = YES;
				GCC_WARN_ABOUT_RETURN_TYPE = YES_ERROR;
				GCC_WARN_UNDECLARED_SELECTOR = YES;
				GCC_WARN_UNINITIALIZED_AUTOS = YES_AGGRESSIVE;
				GCC_WARN_UNUSED_FUNCTION = YES;
				GCC_WARN_UNUSED_VARIABLE = YES;
				IPHONEOS_DEPLOYMENT_TARGET = 9.0;
				MTL_ENABLE_DEBUG_INFO = YES;
				ONLY_ACTIVE_ARCH = YES;
				SDKROOT = iphoneos;
				SWIFT_OPTIMIZATION_LEVEL = "-Onone";
			};
			name = Debug;
		};
		26B39AF71B2C04B10038E061 /* Release */ = {
			isa = XCBuildConfiguration;
			buildSettings = {
				ALWAYS_SEARCH_USER_PATHS = NO;
				CLANG_CXX_LANGUAGE_STANDARD = "gnu++0x";
				CLANG_CXX_LIBRARY = "libc++";
				CLANG_ENABLE_MODULES = YES;
				CLANG_ENABLE_OBJC_ARC = YES;
				CLANG_WARN_BOOL_CONVERSION = YES;
				CLANG_WARN_CONSTANT_CONVERSION = YES;
				CLANG_WARN_DIRECT_OBJC_ISA_USAGE = YES_ERROR;
				CLANG_WARN_EMPTY_BODY = YES;
				CLANG_WARN_ENUM_CONVERSION = YES;
				CLANG_WARN_INT_CONVERSION = YES;
				CLANG_WARN_OBJC_ROOT_CLASS = YES_ERROR;
				CLANG_WARN_UNREACHABLE_CODE = YES;
				CLANG_WARN__DUPLICATE_METHOD_MATCH = YES;
				"CODE_SIGN_IDENTITY[sdk=iphoneos*]" = "iPhone Developer";
				COPY_PHASE_STRIP = NO;
				DEBUG_INFORMATION_FORMAT = "dwarf-with-dsym";
				ENABLE_NS_ASSERTIONS = NO;
				ENABLE_STRICT_OBJC_MSGSEND = YES;
				GCC_C_LANGUAGE_STANDARD = gnu99;
				GCC_NO_COMMON_BLOCKS = YES;
				GCC_WARN_64_TO_32_BIT_CONVERSION = YES;
				GCC_WARN_ABOUT_RETURN_TYPE = YES_ERROR;
				GCC_WARN_UNDECLARED_SELECTOR = YES;
				GCC_WARN_UNINITIALIZED_AUTOS = YES_AGGRESSIVE;
				GCC_WARN_UNUSED_FUNCTION = YES;
				GCC_WARN_UNUSED_VARIABLE = YES;
				IPHONEOS_DEPLOYMENT_TARGET = 9.0;
				MTL_ENABLE_DEBUG_INFO = NO;
				SDKROOT = iphoneos;
				VALIDATE_PRODUCT = YES;
			};
			name = Release;
		};
		26B39AF91B2C04B10038E061 /* Debug */ = {
			isa = XCBuildConfiguration;
			buildSettings = {
				ASSETCATALOG_COMPILER_APPICON_NAME = AppIcon;
				INFOPLIST_FILE = BudgetNote/Info.plist;
				LD_RUNPATH_SEARCH_PATHS = "$(inherited) @executable_path/Frameworks";
				PRODUCT_BUNDLE_IDENTIFIER = shim.BudgetNote;
				PRODUCT_NAME = "$(TARGET_NAME)";
			};
			name = Debug;
		};
		26B39AFA1B2C04B10038E061 /* Release */ = {
			isa = XCBuildConfiguration;
			buildSettings = {
				ASSETCATALOG_COMPILER_APPICON_NAME = AppIcon;
				INFOPLIST_FILE = BudgetNote/Info.plist;
				LD_RUNPATH_SEARCH_PATHS = "$(inherited) @executable_path/Frameworks";
				PRODUCT_BUNDLE_IDENTIFIER = shim.BudgetNote;
				PRODUCT_NAME = "$(TARGET_NAME)";
			};
			name = Release;
		};
		26B39AFC1B2C04B10038E061 /* Debug */ = {
			isa = XCBuildConfiguration;
			buildSettings = {
				BUNDLE_LOADER = "$(TEST_HOST)";
				INFOPLIST_FILE = BudgetNoteTests/Info.plist;
				LD_RUNPATH_SEARCH_PATHS = "$(inherited) @executable_path/Frameworks @loader_path/Frameworks";
				PRODUCT_BUNDLE_IDENTIFIER = shim.BudgetNoteTests;
				PRODUCT_NAME = "$(TARGET_NAME)";
				TEST_HOST = "$(BUILT_PRODUCTS_DIR)/BudgetNote.app/BudgetNote";
			};
			name = Debug;
		};
		26B39AFD1B2C04B10038E061 /* Release */ = {
			isa = XCBuildConfiguration;
			buildSettings = {
				BUNDLE_LOADER = "$(TEST_HOST)";
				INFOPLIST_FILE = BudgetNoteTests/Info.plist;
				LD_RUNPATH_SEARCH_PATHS = "$(inherited) @executable_path/Frameworks @loader_path/Frameworks";
				PRODUCT_BUNDLE_IDENTIFIER = shim.BudgetNoteTests;
				PRODUCT_NAME = "$(TARGET_NAME)";
				TEST_HOST = "$(BUILT_PRODUCTS_DIR)/BudgetNote.app/BudgetNote";
			};
			name = Release;
		};
		26B39AFF1B2C04B10038E061 /* Debug */ = {
			isa = XCBuildConfiguration;
			buildSettings = {
				INFOPLIST_FILE = BudgetNoteUITests/Info.plist;
				LD_RUNPATH_SEARCH_PATHS = "$(inherited) @executable_path/Frameworks @loader_path/Frameworks";
				PRODUCT_BUNDLE_IDENTIFIER = shim.BudgetNoteUITests;
				PRODUCT_NAME = "$(TARGET_NAME)";
				TEST_TARGET_NAME = BudgetNote;
				USES_XCTRUNNER = YES;
			};
			name = Debug;
		};
		26B39B001B2C04B10038E061 /* Release */ = {
			isa = XCBuildConfiguration;
			buildSettings = {
				INFOPLIST_FILE = BudgetNoteUITests/Info.plist;
				LD_RUNPATH_SEARCH_PATHS = "$(inherited) @executable_path/Frameworks @loader_path/Frameworks";
				PRODUCT_BUNDLE_IDENTIFIER = shim.BudgetNoteUITests;
				PRODUCT_NAME = "$(TARGET_NAME)";
				TEST_TARGET_NAME = BudgetNote;
				USES_XCTRUNNER = YES;
			};
			name = Release;
		};
/* End XCBuildConfiguration section */

/* Begin XCConfigurationList section */
		26B39AC61B2C04B10038E061 /* Build configuration list for PBXProject "BudgetNote" */ = {
			isa = XCConfigurationList;
			buildConfigurations = (
				26B39AF61B2C04B10038E061 /* Debug */,
				26B39AF71B2C04B10038E061 /* Release */,
			);
			defaultConfigurationIsVisible = 0;
			defaultConfigurationName = Release;
		};
		26B39AF81B2C04B10038E061 /* Build configuration list for PBXNativeTarget "BudgetNote" */ = {
			isa = XCConfigurationList;
			buildConfigurations = (
				26B39AF91B2C04B10038E061 /* Debug */,
				26B39AFA1B2C04B10038E061 /* Release */,
			);
			defaultConfigurationIsVisible = 0;
		};
		26B39AFB1B2C04B10038E061 /* Build configuration list for PBXNativeTarget "BudgetNoteTests" */ = {
			isa = XCConfigurationList;
			buildConfigurations = (
				26B39AFC1B2C04B10038E061 /* Debug */,
				26B39AFD1B2C04B10038E061 /* Release */,
			);
			defaultConfigurationIsVisible = 0;
		};
		26B39AFE1B2C04B10038E061 /* Build configuration list for PBXNativeTarget "BudgetNoteUITests" */ = {
			isa = XCConfigurationList;
			buildConfigurations = (
				26B39AFF1B2C04B10038E061 /* Debug */,
				26B39B001B2C04B10038E061 /* Release */,
			);
			defaultConfigurationIsVisible = 0;
		};
/* End XCConfigurationList section */

/* Begin XCVersionGroup section */
		26B39AD01B2C04B10038E061 /* BudgetNote.xcdatamodeld */ = {
			isa = XCVersionGroup;
			children = (
				26B39AD11B2C04B10038E061 /* BudgetNote.xcdatamodel */,
			);
			currentVersion = 26B39AD11B2C04B10038E061 /* BudgetNote.xcdatamodel */;
			path = BudgetNote.xcdatamodeld;
			sourceTree = "<group>";
			versionGroupType = wrapper.xcdatamodel;
		};
/* End XCVersionGroup section */
	};
	rootObject = 26B39AC31B2C04B10038E061 /* Project object */;
}
